
Microsoft Visual Studio Solution File, Format Version 12.00
Project("{FAE04EC0-301F-11D3-BF4B-00C04F79EFBC}") = "Rindo.API", "Rindo.API\Rindo.API.csproj", "{865F46E1-8062-458E-9032-08B6F83543FF}"
EndProject
Project("{FAE04EC0-301F-11D3-BF4B-00C04F79EFBC}") = "Rindo.Application", "Rindo.Application\Rindo.Application.csproj", "{B0E2B0BD-69E1-4144-BB67-6E757AFC956A}"
EndProject
Project("{FAE04EC0-301F-11D3-BF4B-00C04F79EFBC}") = "Rindo.Domain", "Rindo.Domain\Rindo.Domain.csproj", "{6F86DA0D-B2C8-4313-84C2-5A87FC2636A7}"
EndProject
Project("{FAE04EC0-301F-11D3-BF4B-00C04F79EFBC}") = "Rindo.Infrastructure", "Rindo.Infrastructure\Rindo.Infrastructure.csproj", "{1F03FB80-9F46-42F0-976E-263679DE9707}"
	ProjectSection(ProjectDependencies) = postProject
		{B0E2B0BD-69E1-4144-BB67-6E757AFC956A} = {B0E2B0BD-69E1-4144-BB67-6E757AFC956A}
	EndProjectSection
EndProject
Project("{FAE04EC0-301F-11D3-BF4B-00C04F79EFBC}") = "Rindo.Chat", "Rindo.Chat\Rindo.Chat.csproj", "{172D3292-634C-44CF-B578-8C1830350A55}"
EndProject
Project("{2150E333-8FDC-42A3-9474-1A3956D46DE8}") = "Solution Items", "Solution Items", "{EC94359B-2B02-4C33-AB45-C48F78EFEE4C}"
	ProjectSection(SolutionItems) = preProject
		docker-compose.yml = docker-compose.yml
	EndProjectSection
EndProject
Global
	GlobalSection(SolutionConfigurationPlatforms) = preSolution
		Debug|Any CPU = Debug|Any CPU
		Release|Any CPU = Release|Any CPU
	EndGlobalSection
	GlobalSection(ProjectConfigurationPlatforms) = postSolution
		{865F46E1-8062-458E-9032-08B6F83543FF}.Debug|Any CPU.ActiveCfg = Debug|Any CPU
		{865F46E1-8062-458E-9032-08B6F83543FF}.Debug|Any CPU.Build.0 = Debug|Any CPU
		{865F46E1-8062-458E-9032-08B6F83543FF}.Release|Any CPU.ActiveCfg = Release|Any CPU
		{865F46E1-8062-458E-9032-08B6F83543FF}.Release|Any CPU.Build.0 = Release|Any CPU
		{B0E2B0BD-69E1-4144-BB67-6E757AFC956A}.Debug|Any CPU.ActiveCfg = Debug|Any CPU
		{B0E2B0BD-69E1-4144-BB67-6E757AFC956A}.Debug|Any CPU.Build.0 = Debug|Any CPU
		{B0E2B0BD-69E1-4144-BB67-6E757AFC956A}.Release|Any CPU.ActiveCfg = Release|Any CPU
		{B0E2B0BD-69E1-4144-BB67-6E757AFC956A}.Release|Any CPU.Build.0 = Release|Any CPU
		{6F86DA0D-B2C8-4313-84C2-5A87FC2636A7}.Debug|Any CPU.ActiveCfg = Debug|Any CPU
		{6F86DA0D-B2C8-4313-84C2-5A87FC2636A7}.Debug|Any CPU.Build.0 = Debug|Any CPU
		{6F86DA0D-B2C8-4313-84C2-5A87FC2636A7}.Release|Any CPU.ActiveCfg = Release|Any CPU
		{6F86DA0D-B2C8-4313-84C2-5A87FC2636A7}.Release|Any CPU.Build.0 = Release|Any CPU
		{1F03FB80-9F46-42F0-976E-263679DE9707}.Debug|Any CPU.ActiveCfg = Debug|Any CPU
		{1F03FB80-9F46-42F0-976E-263679DE9707}.Debug|Any CPU.Build.0 = Debug|Any CPU
		{1F03FB80-9F46-42F0-976E-263679DE9707}.Release|Any CPU.ActiveCfg = Release|Any CPU
		{1F03FB80-9F46-42F0-976E-263679DE9707}.Release|Any CPU.Build.0 = Release|Any CPU
		{172D3292-634C-44CF-B578-8C1830350A55}.Debug|Any CPU.ActiveCfg = Debug|Any CPU
		{172D3292-634C-44CF-B578-8C1830350A55}.Debug|Any CPU.Build.0 = Debug|Any CPU
		{172D3292-634C-44CF-B578-8C1830350A55}.Release|Any CPU.ActiveCfg = Release|Any CPU
		{172D3292-634C-44CF-B578-8C1830350A55}.Release|Any CPU.Build.0 = Release|Any CPU
	EndGlobalSection
EndGlobal
